
Microsoft Visual Studio Solution File, Format Version 12.00
# Visual Studio Version 16
VisualStudioVersion = 16.0.31515.178
MinimumVisualStudioVersion = 10.0.40219.1
Project("{FAE04EC0-301F-11D3-BF4B-00C04F79EFBC}") = "FIT5032_MyFirstAPI", "FIT5032_MyFirstAPI\FIT5032_MyFirstAPI.csproj", "{1854C153-FA21-4F4D-87C2-5DA9A32E282A}"
EndProject
Global
	GlobalSection(SolutionConfigurationPlatforms) = preSolution
		Debug|Any CPU = Debug|Any CPU
		Release|Any CPU = Release|Any CPU
	EndGlobalSection
	GlobalSection(ProjectConfigurationPlatforms) = postSolution
		{1854C153-FA21-4F4D-87C2-5DA9A32E282A}.Debug|Any CPU.ActiveCfg = Debug|Any CPU
		{1854C153-FA21-4F4D-87C2-5DA9A32E282A}.Debug|Any CPU.Build.0 = Debug|Any CPU
		{1854C153-FA21-4F4D-87C2-5DA9A32E282A}.Release|Any CPU.ActiveCfg = Release|Any CPU
		{1854C153-FA21-4F4D-87C2-5DA9A32E282A}.Release|Any CPU.Build.0 = Release|Any CPU
	EndGlobalSection
	GlobalSection(SolutionProperties) = preSolution
		HideSolutionNode = FALSE
	EndGlobalSection
	GlobalSection(ExtensibilityGlobals) = postSolution
		SolutionGuid = {CCFF2D01-6456-4F7E-AEB1-9F118EDB1006}
	EndGlobalSection
EndGlobal
