
Microsoft Visual Studio Solution File, Format Version 12.00
# Visual Studio Version 16
VisualStudioVersion = 16.0.31515.178
MinimumVisualStudioVersion = 10.0.40219.1
Project("{FAE04EC0-301F-11D3-BF4B-00C04F79EFBC}") = "FIT5032_Assignment_Auth", "FIT5032_Assignment_Auth\FIT5032_Assignment_Auth.csproj", "{BB351B46-458B-4351-A4A7-1817F89F2009}"
EndProject
Global
	GlobalSection(SolutionConfigurationPlatforms) = preSolution
		Debug|Any CPU = Debug|Any CPU
		Release|Any CPU = Release|Any CPU
	EndGlobalSection
	GlobalSection(ProjectConfigurationPlatforms) = postSolution
		{BB351B46-458B-4351-A4A7-1817F89F2009}.Debug|Any CPU.ActiveCfg = Debug|Any CPU
		{BB351B46-458B-4351-A4A7-1817F89F2009}.Debug|Any CPU.Build.0 = Debug|Any CPU
		{BB351B46-458B-4351-A4A7-1817F89F2009}.Release|Any CPU.ActiveCfg = Release|Any CPU
		{BB351B46-458B-4351-A4A7-1817F89F2009}.Release|Any CPU.Build.0 = Release|Any CPU
	EndGlobalSection
	GlobalSection(SolutionProperties) = preSolution
		HideSolutionNode = FALSE
	EndGlobalSection
	GlobalSection(ExtensibilityGlobals) = postSolution
		SolutionGuid = {E7221C10-F333-404E-B89A-8E9405B930D7}
	EndGlobalSection
EndGlobal
